{
    "buildPresetName": "Default",
    "buildPath": "Builds/11-14",
    "executableName": "Stellar Mass",
    "platform": 19,
    "developmentBuild": false,
    "autoconnectProfiler": false,
    "deepProfilingSupport": false,
    "scriptDebugging": false,
    "compressionMethod": 0,
    "branch": 0,
    "store": 0,
    "preprocessBuild": true,
    "afterBuild": 1,
    "extraScriptingDefines": []
}