{
    "name": "Default",
    "buildPath": "Builds/Default",
    "executableName": "StellarMass",
    "platform": 19,
    "developmentBuild": false,
    "autoconnectProfiler": false,
    "deepProfilingSupport": false,
    "scriptDebugging": false,
    "compressionMethod": 0,
    "branch": 0,
    "store": 0,
    "preprocessBuild": true,
    "afterBuild": 1,
    "extraScriptingDefines": []
}